
Microsoft Visual Studio Solution File, Format Version 12.00
# Visual Studio Version 16
VisualStudioVersion = 16.0.30011.22
MinimumVisualStudioVersion = 10.0.40219.1
Project("{8BC9CEB8-8B4A-11D0-8D11-00A0C91BC942}") = "Algorithms_lab_1", "Algorithms_labs\Algorithms_labs.vcxproj", "{22757BF2-1D4C-45EC-A279-04F91E432FFA}"
EndProject
Project("{8BC9CEB8-8B4A-11D0-8D11-00A0C91BC942}") = "Algorithms_lab_2", "Algorithms_lab_2\Algorithms_lab_2.vcxproj", "{F6E4F665-1B2D-4A5B-90A9-28D3CFED0EFB}"
EndProject
Project("{8BC9CEB8-8B4A-11D0-8D11-00A0C91BC942}") = "Algorithms_lab_3", "Algorithms_lab_3\Algorithms_lab_3.vcxproj", "{AC0720A2-A9E1-4BCE-8E5B-0C94E7C7319B}"
EndProject
Project("{8BC9CEB8-8B4A-11D0-8D11-00A0C91BC942}") = "Algorithms_lab_4", "Algorithms_lab_4\Algorithms_lab_4.vcxproj", "{E9F321DA-F7DA-4860-8DCD-B5B93C91C730}"
EndProject
Project("{8BC9CEB8-8B4A-11D0-8D11-00A0C91BC942}") = "Algorithms_lab_5", "Algorithms_lab_5\Algorithms_lab_5.vcxproj", "{CF3A8773-8E2D-471B-ABA4-84580A4F1A0A}"
EndProject
Project("{8BC9CEB8-8B4A-11D0-8D11-00A0C91BC942}") = "Algorithms_lab_6", "Algorithms_lab_6\Algorithms_lab_6.vcxproj", "{D3082F7F-CBE0-4A02-A8B5-69165301FFDC}"
EndProject
Project("{8BC9CEB8-8B4A-11D0-8D11-00A0C91BC942}") = "Algorithms_lab_7", "Algorithms_lab_7\Algorithms_lab_7.vcxproj", "{3EBAD0A5-4325-44B8-B649-368172445526}"
EndProject
Project("{8BC9CEB8-8B4A-11D0-8D11-00A0C91BC942}") = "Algorithms_lab_8", "Algorithms_lab_8\Algorithms_lab_8.vcxproj", "{14136C34-9126-4340-8F0C-69B32E2DD0C4}"
EndProject
Project("{2150E333-8FDC-42A3-9474-1A3956D46DE8}") = "Sem_1", "Sem_1", "{B179830C-F441-45FE-965F-75DF687C1296}"
EndProject
Project("{2150E333-8FDC-42A3-9474-1A3956D46DE8}") = "Sem_2", "Sem_2", "{905E130A-C93D-4D2E-8B94-B09589F7CF00}"
EndProject
Project("{8BC9CEB8-8B4A-11D0-8D11-00A0C91BC942}") = "Lab_1", "Lab_1\Lab_1.vcxproj", "{40BEDECA-72E3-4963-B157-8967F399D97D}"
EndProject
Project("{8BC9CEB8-8B4A-11D0-8D11-00A0C91BC942}") = "Lab_2", "Lab_2\Lab_2.vcxproj", "{3303B48A-3A05-40E5-99D6-2EC3B3623EA2}"
EndProject
Project("{8BC9CEB8-8B4A-11D0-8D11-00A0C91BC942}") = "Lab_3", "Lab_3\Lab_3.vcxproj", "{7974336E-84F5-4C97-953C-D3E82E5CD0EA}"
EndProject
Global
	GlobalSection(SolutionConfigurationPlatforms) = preSolution
		Debug|x64 = Debug|x64
		Debug|x86 = Debug|x86
		Release|x64 = Release|x64
		Release|x86 = Release|x86
	EndGlobalSection
	GlobalSection(ProjectConfigurationPlatforms) = postSolution
		{22757BF2-1D4C-45EC-A279-04F91E432FFA}.Debug|x64.ActiveCfg = Debug|x64
		{22757BF2-1D4C-45EC-A279-04F91E432FFA}.Debug|x64.Build.0 = Debug|x64
		{22757BF2-1D4C-45EC-A279-04F91E432FFA}.Debug|x86.ActiveCfg = Debug|Win32
		{22757BF2-1D4C-45EC-A279-04F91E432FFA}.Debug|x86.Build.0 = Debug|Win32
		{22757BF2-1D4C-45EC-A279-04F91E432FFA}.Release|x64.ActiveCfg = Release|x64
		{22757BF2-1D4C-45EC-A279-04F91E432FFA}.Release|x64.Build.0 = Release|x64
		{22757BF2-1D4C-45EC-A279-04F91E432FFA}.Release|x86.ActiveCfg = Release|Win32
		{22757BF2-1D4C-45EC-A279-04F91E432FFA}.Release|x86.Build.0 = Release|Win32
		{F6E4F665-1B2D-4A5B-90A9-28D3CFED0EFB}.Debug|x64.ActiveCfg = Debug|x64
		{F6E4F665-1B2D-4A5B-90A9-28D3CFED0EFB}.Debug|x64.Build.0 = Debug|x64
		{F6E4F665-1B2D-4A5B-90A9-28D3CFED0EFB}.Debug|x86.ActiveCfg = Debug|Win32
		{F6E4F665-1B2D-4A5B-90A9-28D3CFED0EFB}.Debug|x86.Build.0 = Debug|Win32
		{F6E4F665-1B2D-4A5B-90A9-28D3CFED0EFB}.Release|x64.ActiveCfg = Release|x64
		{F6E4F665-1B2D-4A5B-90A9-28D3CFED0EFB}.Release|x64.Build.0 = Release|x64
		{F6E4F665-1B2D-4A5B-90A9-28D3CFED0EFB}.Release|x86.ActiveCfg = Release|Win32
		{F6E4F665-1B2D-4A5B-90A9-28D3CFED0EFB}.Release|x86.Build.0 = Release|Win32
		{AC0720A2-A9E1-4BCE-8E5B-0C94E7C7319B}.Debug|x64.ActiveCfg = Debug|x64
		{AC0720A2-A9E1-4BCE-8E5B-0C94E7C7319B}.Debug|x64.Build.0 = Debug|x64
		{AC0720A2-A9E1-4BCE-8E5B-0C94E7C7319B}.Debug|x86.ActiveCfg = Debug|Win32
		{AC0720A2-A9E1-4BCE-8E5B-0C94E7C7319B}.Debug|x86.Build.0 = Debug|Win32
		{AC0720A2-A9E1-4BCE-8E5B-0C94E7C7319B}.Release|x64.ActiveCfg = Release|x64
		{AC0720A2-A9E1-4BCE-8E5B-0C94E7C7319B}.Release|x64.Build.0 = Release|x64
		{AC0720A2-A9E1-4BCE-8E5B-0C94E7C7319B}.Release|x86.ActiveCfg = Release|Win32
		{AC0720A2-A9E1-4BCE-8E5B-0C94E7C7319B}.Release|x86.Build.0 = Release|Win32
		{E9F321DA-F7DA-4860-8DCD-B5B93C91C730}.Debug|x64.ActiveCfg = Debug|x64
		{E9F321DA-F7DA-4860-8DCD-B5B93C91C730}.Debug|x64.Build.0 = Debug|x64
		{E9F321DA-F7DA-4860-8DCD-B5B93C91C730}.Debug|x86.ActiveCfg = Debug|Win32
		{E9F321DA-F7DA-4860-8DCD-B5B93C91C730}.Debug|x86.Build.0 = Debug|Win32
		{E9F321DA-F7DA-4860-8DCD-B5B93C91C730}.Release|x64.ActiveCfg = Release|x64
		{E9F321DA-F7DA-4860-8DCD-B5B93C91C730}.Release|x64.Build.0 = Release|x64
		{E9F321DA-F7DA-4860-8DCD-B5B93C91C730}.Release|x86.ActiveCfg = Release|Win32
		{E9F321DA-F7DA-4860-8DCD-B5B93C91C730}.Release|x86.Build.0 = Release|Win32
		{CF3A8773-8E2D-471B-ABA4-84580A4F1A0A}.Debug|x64.ActiveCfg = Debug|x64
		{CF3A8773-8E2D-471B-ABA4-84580A4F1A0A}.Debug|x64.Build.0 = Debug|x64
		{CF3A8773-8E2D-471B-ABA4-84580A4F1A0A}.Debug|x86.ActiveCfg = Debug|Win32
		{CF3A8773-8E2D-471B-ABA4-84580A4F1A0A}.Debug|x86.Build.0 = Debug|Win32
		{CF3A8773-8E2D-471B-ABA4-84580A4F1A0A}.Release|x64.ActiveCfg = Release|x64
		{CF3A8773-8E2D-471B-ABA4-84580A4F1A0A}.Release|x64.Build.0 = Release|x64
		{CF3A8773-8E2D-471B-ABA4-84580A4F1A0A}.Release|x86.ActiveCfg = Release|Win32
		{CF3A8773-8E2D-471B-ABA4-84580A4F1A0A}.Release|x86.Build.0 = Release|Win32
		{D3082F7F-CBE0-4A02-A8B5-69165301FFDC}.Debug|x64.ActiveCfg = Debug|x64
		{D3082F7F-CBE0-4A02-A8B5-69165301FFDC}.Debug|x64.Build.0 = Debug|x64
		{D3082F7F-CBE0-4A02-A8B5-69165301FFDC}.Debug|x86.ActiveCfg = Debug|Win32
		{D3082F7F-CBE0-4A02-A8B5-69165301FFDC}.Debug|x86.Build.0 = Debug|Win32
		{D3082F7F-CBE0-4A02-A8B5-69165301FFDC}.Release|x64.ActiveCfg = Release|x64
		{D3082F7F-CBE0-4A02-A8B5-69165301FFDC}.Release|x64.Build.0 = Release|x64
		{D3082F7F-CBE0-4A02-A8B5-69165301FFDC}.Release|x86.ActiveCfg = Release|Win32
		{D3082F7F-CBE0-4A02-A8B5-69165301FFDC}.Release|x86.Build.0 = Release|Win32
		{3EBAD0A5-4325-44B8-B649-368172445526}.Debug|x64.ActiveCfg = Debug|x64
		{3EBAD0A5-4325-44B8-B649-368172445526}.Debug|x64.Build.0 = Debug|x64
		{3EBAD0A5-4325-44B8-B649-368172445526}.Debug|x86.ActiveCfg = Debug|Win32
		{3EBAD0A5-4325-44B8-B649-368172445526}.Debug|x86.Build.0 = Debug|Win32
		{3EBAD0A5-4325-44B8-B649-368172445526}.Release|x64.ActiveCfg = Release|x64
		{3EBAD0A5-4325-44B8-B649-368172445526}.Release|x64.Build.0 = Release|x64
		{3EBAD0A5-4325-44B8-B649-368172445526}.Release|x86.ActiveCfg = Release|Win32
		{3EBAD0A5-4325-44B8-B649-368172445526}.Release|x86.Build.0 = Release|Win32
		{14136C34-9126-4340-8F0C-69B32E2DD0C4}.Debug|x64.ActiveCfg = Debug|x64
		{14136C34-9126-4340-8F0C-69B32E2DD0C4}.Debug|x64.Build.0 = Debug|x64
		{14136C34-9126-4340-8F0C-69B32E2DD0C4}.Debug|x86.ActiveCfg = Debug|Win32
		{14136C34-9126-4340-8F0C-69B32E2DD0C4}.Debug|x86.Build.0 = Debug|Win32
		{14136C34-9126-4340-8F0C-69B32E2DD0C4}.Release|x64.ActiveCfg = Release|x64
		{14136C34-9126-4340-8F0C-69B32E2DD0C4}.Release|x64.Build.0 = Release|x64
		{14136C34-9126-4340-8F0C-69B32E2DD0C4}.Release|x86.ActiveCfg = Release|Win32
		{14136C34-9126-4340-8F0C-69B32E2DD0C4}.Release|x86.Build.0 = Release|Win32
		{40BEDECA-72E3-4963-B157-8967F399D97D}.Debug|x64.ActiveCfg = Debug|x64
		{40BEDECA-72E3-4963-B157-8967F399D97D}.Debug|x64.Build.0 = Debug|x64
		{40BEDECA-72E3-4963-B157-8967F399D97D}.Debug|x86.ActiveCfg = Debug|Win32
		{40BEDECA-72E3-4963-B157-8967F399D97D}.Debug|x86.Build.0 = Debug|Win32
		{40BEDECA-72E3-4963-B157-8967F399D97D}.Release|x64.ActiveCfg = Release|x64
		{40BEDECA-72E3-4963-B157-8967F399D97D}.Release|x64.Build.0 = Release|x64
		{40BEDECA-72E3-4963-B157-8967F399D97D}.Release|x86.ActiveCfg = Release|Win32
		{40BEDECA-72E3-4963-B157-8967F399D97D}.Release|x86.Build.0 = Release|Win32
		{3303B48A-3A05-40E5-99D6-2EC3B3623EA2}.Debug|x64.ActiveCfg = Debug|x64
		{3303B48A-3A05-40E5-99D6-2EC3B3623EA2}.Debug|x64.Build.0 = Debug|x64
		{3303B48A-3A05-40E5-99D6-2EC3B3623EA2}.Debug|x86.ActiveCfg = Debug|Win32
		{3303B48A-3A05-40E5-99D6-2EC3B3623EA2}.Debug|x86.Build.0 = Debug|Win32
		{3303B48A-3A05-40E5-99D6-2EC3B3623EA2}.Release|x64.ActiveCfg = Release|x64
		{3303B48A-3A05-40E5-99D6-2EC3B3623EA2}.Release|x64.Build.0 = Release|x64
		{3303B48A-3A05-40E5-99D6-2EC3B3623EA2}.Release|x86.ActiveCfg = Release|Win32
		{3303B48A-3A05-40E5-99D6-2EC3B3623EA2}.Release|x86.Build.0 = Release|Win32
		{7974336E-84F5-4C97-953C-D3E82E5CD0EA}.Debug|x64.ActiveCfg = Debug|x64
		{7974336E-84F5-4C97-953C-D3E82E5CD0EA}.Debug|x64.Build.0 = Debug|x64
		{7974336E-84F5-4C97-953C-D3E82E5CD0EA}.Debug|x86.ActiveCfg = Debug|Win32
		{7974336E-84F5-4C97-953C-D3E82E5CD0EA}.Debug|x86.Build.0 = Debug|Win32
		{7974336E-84F5-4C97-953C-D3E82E5CD0EA}.Release|x64.ActiveCfg = Release|x64
		{7974336E-84F5-4C97-953C-D3E82E5CD0EA}.Release|x64.Build.0 = Release|x64
		{7974336E-84F5-4C97-953C-D3E82E5CD0EA}.Release|x86.ActiveCfg = Release|Win32
		{7974336E-84F5-4C97-953C-D3E82E5CD0EA}.Release|x86.Build.0 = Release|Win32
	EndGlobalSection
	GlobalSection(SolutionProperties) = preSolution
		HideSolutionNode = FALSE
	EndGlobalSection
	GlobalSection(NestedProjects) = preSolution
		{22757BF2-1D4C-45EC-A279-04F91E432FFA} = {B179830C-F441-45FE-965F-75DF687C1296}
		{F6E4F665-1B2D-4A5B-90A9-28D3CFED0EFB} = {B179830C-F441-45FE-965F-75DF687C1296}
		{AC0720A2-A9E1-4BCE-8E5B-0C94E7C7319B} = {B179830C-F441-45FE-965F-75DF687C1296}
		{E9F321DA-F7DA-4860-8DCD-B5B93C91C730} = {B179830C-F441-45FE-965F-75DF687C1296}
		{CF3A8773-8E2D-471B-ABA4-84580A4F1A0A} = {B179830C-F441-45FE-965F-75DF687C1296}
		{D3082F7F-CBE0-4A02-A8B5-69165301FFDC} = {B179830C-F441-45FE-965F-75DF687C1296}
		{3EBAD0A5-4325-44B8-B649-368172445526} = {B179830C-F441-45FE-965F-75DF687C1296}
		{14136C34-9126-4340-8F0C-69B32E2DD0C4} = {B179830C-F441-45FE-965F-75DF687C1296}
		{40BEDECA-72E3-4963-B157-8967F399D97D} = {905E130A-C93D-4D2E-8B94-B09589F7CF00}
		{3303B48A-3A05-40E5-99D6-2EC3B3623EA2} = {905E130A-C93D-4D2E-8B94-B09589F7CF00}
		{7974336E-84F5-4C97-953C-D3E82E5CD0EA} = {905E130A-C93D-4D2E-8B94-B09589F7CF00}
	EndGlobalSection
	GlobalSection(ExtensibilityGlobals) = postSolution
		SolutionGuid = {1F5183C8-A884-4871-B001-71E379C36412}
	EndGlobalSection
EndGlobal
